
Microsoft Visual Studio Solution File, Format Version 12.00
# Visual Studio Version 17
VisualStudioVersion = 17.13.35913.81 d17.13
MinimumVisualStudioVersion = 10.0.40219.1
Project("{FAE04EC0-301F-11D3-BF4B-00C04F79EFBC}") = "ExpenseTracker", "ExpenseTracker\ExpenseTracker.csproj", "{2F80735C-5717-410A-8A27-6CD500755C42}"
EndProject
Global
	GlobalSection(SolutionConfigurationPlatforms) = preSolution
		Debug|Any CPU = Debug|Any CPU
		Release|Any CPU = Release|Any CPU
	EndGlobalSection
	GlobalSection(ProjectConfigurationPlatforms) = postSolution
		{2F80735C-5717-410A-8A27-6CD500755C42}.Debug|Any CPU.ActiveCfg = Debug|Any CPU
		{2F80735C-5717-410A-8A27-6CD500755C42}.Debug|Any CPU.Build.0 = Debug|Any CPU
		{2F80735C-5717-410A-8A27-6CD500755C42}.Release|Any CPU.ActiveCfg = Release|Any CPU
		{2F80735C-5717-410A-8A27-6CD500755C42}.Release|Any CPU.Build.0 = Release|Any CPU
	EndGlobalSection
	GlobalSection(SolutionProperties) = preSolution
		HideSolutionNode = FALSE
	EndGlobalSection
	GlobalSection(ExtensibilityGlobals) = postSolution
		SolutionGuid = {DFBD7F4B-727F-4192-84C5-F30DE16A0F84}
	EndGlobalSection
EndGlobal
